// !$*UTF8*$!
{
	archiveVersion = 1;
	classes = {
	};
	objectVersion = 46;
	objects = {

/* Begin PBXBuildFile section */
		73C6EC341BB49E1C00E7FFEF /* AppDelegate.swift in Sources */ = {isa = PBXBuildFile; fileRef = 73C6EC331BB49E1C00E7FFEF /* AppDelegate.swift */; };
		73C6EC361BB49E1C00E7FFEF /* ViewController.swift in Sources */ = {isa = PBXBuildFile; fileRef = 73C6EC351BB49E1C00E7FFEF /* ViewController.swift */; };
		73C6EC391BB49E1C00E7FFEF /* Main.storyboard in Resources */ = {isa = PBXBuildFile; fileRef = 73C6EC371BB49E1C00E7FFEF /* Main.storyboard */; };
		73C6EC3B1BB49E1C00E7FFEF /* Assets.xcassets in Resources */ = {isa = PBXBuildFile; fileRef = 73C6EC3A1BB49E1C00E7FFEF /* Assets.xcassets */; };
		73C6EC3E1BB49E1C00E7FFEF /* LaunchScreen.storyboard in Resources */ = {isa = PBXBuildFile; fileRef = 73C6EC3C1BB49E1C00E7FFEF /* LaunchScreen.storyboard */; };
		73C6EC491BB49E1C00E7FFEF /* Ultimate_Math_GameTests.swift in Sources */ = {isa = PBXBuildFile; fileRef = 73C6EC481BB49E1C00E7FFEF /* Ultimate_Math_GameTests.swift */; };
		73C6EC541BB49E1C00E7FFEF /* Ultimate_Math_GameUITests.swift in Sources */ = {isa = PBXBuildFile; fileRef = 73C6EC531BB49E1C00E7FFEF /* Ultimate_Math_GameUITests.swift */; };
		73C6EC681BB5CD4A00E7FFEF /* Right.mp3 in Resources */ = {isa = PBXBuildFile; fileRef = 73C6EC661BB5CD4A00E7FFEF /* Right.mp3 */; };
		73C6ECAA1BB5E33200E7FFEF /* Wrong1.mp3 in Resources */ = {isa = PBXBuildFile; fileRef = 73C6ECA91BB5E33200E7FFEF /* Wrong1.mp3 */; };
/* End PBXBuildFile section */

/* Begin PBXContainerItemProxy section */
		73C6EC451BB49E1C00E7FFEF /* PBXContainerItemProxy */ = {
			isa = PBXContainerItemProxy;
			containerPortal = 73C6EC281BB49E1C00E7FFEF /* Project object */;
			proxyType = 1;
			remoteGlobalIDString = 73C6EC2F1BB49E1C00E7FFEF;
			remoteInfo = "Ultimate Math Game";
		};
		73C6EC501BB49E1C00E7FFEF /* PBXContainerItemProxy */ = {
			isa = PBXContainerItemProxy;
			containerPortal = 73C6EC281BB49E1C00E7FFEF /* Project object */;
			proxyType = 1;
			remoteGlobalIDString = 73C6EC2F1BB49E1C00E7FFEF;
			remoteInfo = "Ultimate Math Game";
		};
/* End PBXContainerItemProxy section */

/* Begin PBXFileReference section */
		73C6EC301BB49E1C00E7FFEF /* Ultimate Math Game.app */ = {isa = PBXFileReference; explicitFileType = wrapper.application; includeInIndex = 0; path = "Ultimate Math Game.app"; sourceTree = BUILT_PRODUCTS_DIR; };
		73C6EC331BB49E1C00E7FFEF /* AppDelegate.swift */ = {isa = PBXFileReference; lastKnownFileType = sourcecode.swift; path = AppDelegate.swift; sourceTree = "<group>"; };
		73C6EC351BB49E1C00E7FFEF /* ViewController.swift */ = {isa = PBXFileReference; lastKnownFileType = sourcecode.swift; path = ViewController.swift; sourceTree = "<group>"; };
		73C6EC381BB49E1C00E7FFEF /* Base */ = {isa = PBXFileReference; lastKnownFileType = file.storyboard; name = Base; path = Base.lproj/Main.storyboard; sourceTree = "<group>"; };
		73C6EC3A1BB49E1C00E7FFEF /* Assets.xcassets */ = {isa = PBXFileReference; lastKnownFileType = folder.assetcatalog; path = Assets.xcassets; sourceTree = "<group>"; };
		73C6EC3D1BB49E1C00E7FFEF /* Base */ = {isa = PBXFileReference; lastKnownFileType = file.storyboard; name = Base; path = Base.lproj/LaunchScreen.storyboard; sourceTree = "<group>"; };
		73C6EC3F1BB49E1C00E7FFEF /* Info.plist */ = {isa = PBXFileReference; lastKnownFileType = text.plist.xml; path = Info.plist; sourceTree = "<group>"; };
		73C6EC441BB49E1C00E7FFEF /* Ultimate Math GameTests.xctest */ = {isa = PBXFileReference; explicitFileType = wrapper.cfbundle; includeInIndex = 0; path = "Ultimate Math GameTests.xctest"; sourceTree = BUILT_PRODUCTS_DIR; };
		73C6EC481BB49E1C00E7FFEF /* Ultimate_Math_GameTests.swift */ = {isa = PBXFileReference; lastKnownFileType = sourcecode.swift; path = Ultimate_Math_GameTests.swift; sourceTree = "<group>"; };
		73C6EC4A1BB49E1C00E7FFEF /* Info.plist */ = {isa = PBXFileReference; lastKnownFileType = text.plist.xml; path = Info.plist; sourceTree = "<group>"; };
		73C6EC4F1BB49E1C00E7FFEF /* Ultimate Math GameUITests.xctest */ = {isa = PBXFileReference; explicitFileType = wrapper.cfbundle; includeInIndex = 0; path = "Ultimate Math GameUITests.xctest"; sourceTree = BUILT_PRODUCTS_DIR; };
		73C6EC531BB49E1C00E7FFEF /* Ultimate_Math_GameUITests.swift */ = {isa = PBXFileReference; lastKnownFileType = sourcecode.swift; path = Ultimate_Math_GameUITests.swift; sourceTree = "<group>"; };
		73C6EC551BB49E1C00E7FFEF /* Info.plist */ = {isa = PBXFileReference; lastKnownFileType = text.plist.xml; path = Info.plist; sourceTree = "<group>"; };
		73C6EC661BB5CD4A00E7FFEF /* Right.mp3 */ = {isa = PBXFileReference; lastKnownFileType = audio.mp3; path = Right.mp3; sourceTree = "<group>"; };
		73C6ECA91BB5E33200E7FFEF /* Wrong1.mp3 */ = {isa = PBXFileReference; lastKnownFileType = audio.mp3; path = Wrong1.mp3; sourceTree = "<group>"; };
/* End PBXFileReference section */

/* Begin PBXFrameworksBuildPhase section */
		73C6EC2D1BB49E1C00E7FFEF /* Frameworks */ = {
			isa = PBXFrameworksBuildPhase;
			buildActionMask = 2147483647;
			files = (
			);
			runOnlyForDeploymentPostprocessing = 0;
		};
		73C6EC411BB49E1C00E7FFEF /* Frameworks */ = {
			isa = PBXFrameworksBuildPhase;
			buildActionMask = 2147483647;
			files = (
			);
			runOnlyForDeploymentPostprocessing = 0;
		};
		73C6EC4C1BB49E1C00E7FFEF /* Frameworks */ = {
			isa = PBXFrameworksBuildPhase;
			buildActionMask = 2147483647;
			files = (
			);
			runOnlyForDeploymentPostprocessing = 0;
		};
/* End PBXFrameworksBuildPhase section */

/* Begin PBXGroup section */
		73C6EC271BB49E1C00E7FFEF = {
			isa = PBXGroup;
			children = (
				73C6EC321BB49E1C00E7FFEF /* Ultimate Math Game */,
				73C6EC471BB49E1C00E7FFEF /* Ultimate Math GameTests */,
				73C6EC521BB49E1C00E7FFEF /* Ultimate Math GameUITests */,
				73C6EC311BB49E1C00E7FFEF /* Products */,
			);
			sourceTree = "<group>";
		};
		73C6EC311BB49E1C00E7FFEF /* Products */ = {
			isa = PBXGroup;
			children = (
				73C6EC301BB49E1C00E7FFEF /* Ultimate Math Game.app */,
				73C6EC441BB49E1C00E7FFEF /* Ultimate Math GameTests.xctest */,
				73C6EC4F1BB49E1C00E7FFEF /* Ultimate Math GameUITests.xctest */,
			);
			name = Products;
			sourceTree = "<group>";
		};
		73C6EC321BB49E1C00E7FFEF /* Ultimate Math Game */ = {
			isa = PBXGroup;
			children = (
				73C6EC331BB49E1C00E7FFEF /* AppDelegate.swift */,
				73C6EC351BB49E1C00E7FFEF /* ViewController.swift */,
				73C6EC371BB49E1C00E7FFEF /* Main.storyboard */,
				73C6EC3A1BB49E1C00E7FFEF /* Assets.xcassets */,
				73C6EC3C1BB49E1C00E7FFEF /* LaunchScreen.storyboard */,
				73C6EC3F1BB49E1C00E7FFEF /* Info.plist */,
				73C6ECA91BB5E33200E7FFEF /* Wrong1.mp3 */,
				73C6EC661BB5CD4A00E7FFEF /* Right.mp3 */,
			);
			path = "Ultimate Math Game";
			sourceTree = "<group>";
		};
		73C6EC471BB49E1C00E7FFEF /* Ultimate Math GameTests */ = {
			isa = PBXGroup;
			children = (
				73C6EC481BB49E1C00E7FFEF /* Ultimate_Math_GameTests.swift */,
				73C6EC4A1BB49E1C00E7FFEF /* Info.plist */,
			);
			path = "Ultimate Math GameTests";
			sourceTree = "<group>";
		};
		73C6EC521BB49E1C00E7FFEF /* Ultimate Math GameUITests */ = {
			isa = PBXGroup;
			children = (
				73C6EC531BB49E1C00E7FFEF /* Ultimate_Math_GameUITests.swift */,
				73C6EC551BB49E1C00E7FFEF /* Info.plist */,
			);
			path = "Ultimate Math GameUITests";
			sourceTree = "<group>";
		};
/* End PBXGroup section */

/* Begin PBXNativeTarget section */
		73C6EC2F1BB49E1C00E7FFEF /* Ultimate Math Game */ = {
			isa = PBXNativeTarget;
			buildConfigurationList = 73C6EC581BB49E1C00E7FFEF /* Build configuration list for PBXNativeTarget "Ultimate Math Game" */;
			buildPhases = (
				73C6EC2C1BB49E1C00E7FFEF /* Sources */,
				73C6EC2D1BB49E1C00E7FFEF /* Frameworks */,
				73C6EC2E1BB49E1C00E7FFEF /* Resources */,
			);
			buildRules = (
			);
			dependencies = (
			);
			name = "Ultimate Math Game";
			productName = "Ultimate Math Game";
			productReference = 73C6EC301BB49E1C00E7FFEF /* Ultimate Math Game.app */;
			productType = "com.apple.product-type.application";
		};
		73C6EC431BB49E1C00E7FFEF /* Ultimate Math GameTests */ = {
			isa = PBXNativeTarget;
			buildConfigurationList = 73C6EC5B1BB49E1C00E7FFEF /* Build configuration list for PBXNativeTarget "Ultimate Math GameTests" */;
			buildPhases = (
				73C6EC401BB49E1C00E7FFEF /* Sources */,
				73C6EC411BB49E1C00E7FFEF /* Frameworks */,
				73C6EC421BB49E1C00E7FFEF /* Resources */,
			);
			buildRules = (
			);
			dependencies = (
				73C6EC461BB49E1C00E7FFEF /* PBXTargetDependency */,
			);
			name = "Ultimate Math GameTests";
			productName = "Ultimate Math GameTests";
			productReference = 73C6EC441BB49E1C00E7FFEF /* Ultimate Math GameTests.xctest */;
			productType = "com.apple.product-type.bundle.unit-test";
		};
		73C6EC4E1BB49E1C00E7FFEF /* Ultimate Math GameUITests */ = {
			isa = PBXNativeTarget;
			buildConfigurationList = 73C6EC5E1BB49E1C00E7FFEF /* Build configuration list for PBXNativeTarget "Ultimate Math GameUITests" */;
			buildPhases = (
				73C6EC4B1BB49E1C00E7FFEF /* Sources */,
				73C6EC4C1BB49E1C00E7FFEF /* Frameworks */,
				73C6EC4D1BB49E1C00E7FFEF /* Resources */,
			);
			buildRules = (
			);
			dependencies = (
				73C6EC511BB49E1C00E7FFEF /* PBXTargetDependency */,
			);
			name = "Ultimate Math GameUITests";
			productName = "Ultimate Math GameUITests";
			productReference = 73C6EC4F1BB49E1C00E7FFEF /* Ultimate Math GameUITests.xctest */;
			productType = "com.apple.product-type.bundle.ui-testing";
		};
/* End PBXNativeTarget section */

/* Begin PBXProject section */
		73C6EC281BB49E1C00E7FFEF /* Project object */ = {
			isa = PBXProject;
			attributes = {
				LastUpgradeCheck = 0700;
				ORGANIZATIONNAME = RLDT;
				TargetAttributes = {
					73C6EC2F1BB49E1C00E7FFEF = {
						CreatedOnToolsVersion = 7.0;
						DevelopmentTeam = FEY5QB95HW;
					};
					73C6EC431BB49E1C00E7FFEF = {
						CreatedOnToolsVersion = 7.0;
						TestTargetID = 73C6EC2F1BB49E1C00E7FFEF;
					};
					73C6EC4E1BB49E1C00E7FFEF = {
						CreatedOnToolsVersion = 7.0;
						TestTargetID = 73C6EC2F1BB49E1C00E7FFEF;
					};
				};
			};
			buildConfigurationList = 73C6EC2B1BB49E1C00E7FFEF /* Build configuration list for PBXProject "Ultimate Math Game" */;
			compatibilityVersion = "Xcode 3.2";
			developmentRegion = English;
			hasScannedForEncodings = 0;
			knownRegions = (
				en,
				Base,
			);
			mainGroup = 73C6EC271BB49E1C00E7FFEF;
			productRefGroup = 73C6EC311BB49E1C00E7FFEF /* Products */;
			projectDirPath = "";
			projectRoot = "";
			targets = (
				73C6EC2F1BB49E1C00E7FFEF /* Ultimate Math Game */,
				73C6EC431BB49E1C00E7FFEF /* Ultimate Math GameTests */,
				73C6EC4E1BB49E1C00E7FFEF /* Ultimate Math GameUITests */,
			);
		};
/* End PBXProject section */

/* Begin PBXResourcesBuildPhase section */
		73C6EC2E1BB49E1C00E7FFEF /* Resources */ = {
			isa = PBXResourcesBuildPhase;
			buildActionMask = 2147483647;
			files = (
				73C6EC3E1BB49E1C00E7FFEF /* LaunchScreen.storyboard in Resources */,
				73C6EC3B1BB49E1C00E7FFEF /* Assets.xcassets in Resources */,
				73C6EC681BB5CD4A00E7FFEF /* Right.mp3 in Resources */,
				73C6ECAA1BB5E33200E7FFEF /* Wrong1.mp3 in Resources */,
				73C6EC391BB49E1C00E7FFEF /* Main.storyboard in Resources */,
			);
			runOnlyForDeploymentPostprocessing = 0;
		};
		73C6EC421BB49E1C00E7FFEF /* Resources */ = {
			isa = PBXResourcesBuildPhase;
			buildActionMask = 2147483647;
			files = (
			);
			runOnlyForDeploymentPostprocessing = 0;
		};
		73C6EC4D1BB49E1C00E7FFEF /* Resources */ = {
			isa = PBXResourcesBuildPhase;
			buildActionMask = 2147483647;
			files = (
			);
			runOnlyForDeploymentPostprocessing = 0;
		};
/* End PBXResourcesBuildPhase section */

/* Begin PBXSourcesBuildPhase section */
		73C6EC2C1BB49E1C00E7FFEF /* Sources */ = {
			isa = PBXSourcesBuildPhase;
			buildActionMask = 2147483647;
			files = (
				73C6EC361BB49E1C00E7FFEF /* ViewController.swift in Sources */,
				73C6EC341BB49E1C00E7FFEF /* AppDelegate.swift in Sources */,
			);
			runOnlyForDeploymentPostprocessing = 0;
		};
		73C6EC401BB49E1C00E7FFEF /* Sources */ = {
			isa = PBXSourcesBuildPhase;
			buildActionMask = 2147483647;
			files = (
				73C6EC491BB49E1C00E7FFEF /* Ultimate_Math_GameTests.swift in Sources */,
			);
			runOnlyForDeploymentPostprocessing = 0;
		};
		73C6EC4B1BB49E1C00E7FFEF /* Sources */ = {
			isa = PBXSourcesBuildPhase;
			buildActionMask = 2147483647;
			files = (
				73C6EC541BB49E1C00E7FFEF /* Ultimate_Math_GameUITests.swift in Sources */,
			);
			runOnlyForDeploymentPostprocessing = 0;
		};
/* End PBXSourcesBuildPhase section */

/* Begin PBXTargetDependency section */
		73C6EC461BB49E1C00E7FFEF /* PBXTargetDependency */ = {
			isa = PBXTargetDependency;
			target = 73C6EC2F1BB49E1C00E7FFEF /* Ultimate Math Game */;
			targetProxy = 73C6EC451BB49E1C00E7FFEF /* PBXContainerItemProxy */;
		};
		73C6EC511BB49E1C00E7FFEF /* PBXTargetDependency */ = {
			isa = PBXTargetDependency;
			target = 73C6EC2F1BB49E1C00E7FFEF /* Ultimate Math Game */;
			targetProxy = 73C6EC501BB49E1C00E7FFEF /* PBXContainerItemProxy */;
		};
/* End PBXTargetDependency section */

/* Begin PBXVariantGroup section */
		73C6EC371BB49E1C00E7FFEF /* Main.storyboard */ = {
			isa = PBXVariantGroup;
			children = (
				73C6EC381BB49E1C00E7FFEF /* Base */,
			);
			name = Main.storyboard;
			sourceTree = "<group>";
		};
		73C6EC3C1BB49E1C00E7FFEF /* LaunchScreen.storyboard */ = {
			isa = PBXVariantGroup;
			children = (
				73C6EC3D1BB49E1C00E7FFEF /* Base */,
			);
			name = LaunchScreen.storyboard;
			sourceTree = "<group>";
		};
/* End PBXVariantGroup section */

/* Begin XCBuildConfiguration section */
		73C6EC561BB49E1C00E7FFEF /* Debug */ = {
			isa = XCBuildConfiguration;
			buildSettings = {
				ALWAYS_SEARCH_USER_PATHS = NO;
				CLANG_CXX_LANGUAGE_STANDARD = "gnu++0x";
				CLANG_CXX_LIBRARY = "libc++";
				CLANG_ENABLE_MODULES = YES;
				CLANG_ENABLE_OBJC_ARC = YES;
				CLANG_WARN_BOOL_CONVERSION = YES;
				CLANG_WARN_CONSTANT_CONVERSION = YES;
				CLANG_WARN_DIRECT_OBJC_ISA_USAGE = YES_ERROR;
				CLANG_WARN_EMPTY_BODY = YES;
				CLANG_WARN_ENUM_CONVERSION = YES;
				CLANG_WARN_INT_CONVERSION = YES;
				CLANG_WARN_OBJC_ROOT_CLASS = YES_ERROR;
				CLANG_WARN_UNREACHABLE_CODE = YES;
				CLANG_WARN__DUPLICATE_METHOD_MATCH = YES;
				"CODE_SIGN_IDENTITY[sdk=iphoneos*]" = "iPhone Developer";
				COPY_PHASE_STRIP = NO;
				DEBUG_INFORMATION_FORMAT = dwarf;
				ENABLE_STRICT_OBJC_MSGSEND = YES;
				ENABLE_TESTABILITY = YES;
				GCC_C_LANGUAGE_STANDARD = gnu99;
				GCC_DYNAMIC_NO_PIC = NO;
				GCC_NO_COMMON_BLOCKS = YES;
				GCC_OPTIMIZATION_LEVEL = 0;
				GCC_PREPROCESSOR_DEFINITIONS = (
					"DEBUG=1",
					"$(inherited)",
				);
				GCC_WARN_64_TO_32_BIT_CONVERSION = YES;
				GCC_WARN_ABOUT_RETURN_TYPE = YES_ERROR;
				GCC_WARN_UNDECLARED_SELECTOR = YES;
				GCC_WARN_UNINITIALIZED_AUTOS = YES_AGGRESSIVE;
				GCC_WARN_UNUSED_FUNCTION = YES;
				GCC_WARN_UNUSED_VARIABLE = YES;
				IPHONEOS_DEPLOYMENT_TARGET = 9.0;
				MTL_ENABLE_DEBUG_INFO = YES;
				ONLY_ACTIVE_ARCH = YES;
				SDKROOT = iphoneos;
				SWIFT_OPTIMIZATION_LEVEL = "-Onone";
			};
			name = Debug;
		};
		73C6EC571BB49E1C00E7FFEF /* Release */ = {
			isa = XCBuildConfiguration;
			buildSettings = {
				ALWAYS_SEARCH_USER_PATHS = NO;
				CLANG_CXX_LANGUAGE_STANDARD = "gnu++0x";
				CLANG_CXX_LIBRARY = "libc++";
				CLANG_ENABLE_MODULES = YES;
				CLANG_ENABLE_OBJC_ARC = YES;
				CLANG_WARN_BOOL_CONVERSION = YES;
				CLANG_WARN_CONSTANT_CONVERSION = YES;
				CLANG_WARN_DIRECT_OBJC_ISA_USAGE = YES_ERROR;
				CLANG_WARN_EMPTY_BODY = YES;
				CLANG_WARN_ENUM_CONVERSION = YES;
				CLANG_WARN_INT_CONVERSION = YES;
				CLANG_WARN_OBJC_ROOT_CLASS = YES_ERROR;
				CLANG_WARN_UNREACHABLE_CODE = YES;
				CLANG_WARN__DUPLICATE_METHOD_MATCH = YES;
				"CODE_SIGN_IDENTITY[sdk=iphoneos*]" = "iPhone Developer";
				COPY_PHASE_STRIP = NO;
				DEBUG_INFORMATION_FORMAT = "dwarf-with-dsym";
				ENABLE_NS_ASSERTIONS = NO;
				ENABLE_STRICT_OBJC_MSGSEND = YES;
				GCC_C_LANGUAGE_STANDARD = gnu99;
				GCC_NO_COMMON_BLOCKS = YES;
				GCC_WARN_64_TO_32_BIT_CONVERSION = YES;
				GCC_WARN_ABOUT_RETURN_TYPE = YES_ERROR;
				GCC_WARN_UNDECLARED_SELECTOR = YES;
				GCC_WARN_UNINITIALIZED_AUTOS = YES_AGGRESSIVE;
				GCC_WARN_UNUSED_FUNCTION = YES;
				GCC_WARN_UNUSED_VARIABLE = YES;
				IPHONEOS_DEPLOYMENT_TARGET = 9.0;
				MTL_ENABLE_DEBUG_INFO = NO;
				SDKROOT = iphoneos;
				VALIDATE_PRODUCT = YES;
			};
			name = Release;
		};
		73C6EC591BB49E1C00E7FFEF /* Debug */ = {
			isa = XCBuildConfiguration;
			buildSettings = {
				ASSETCATALOG_COMPILER_APPICON_NAME = AppIcon;
				CODE_SIGN_IDENTITY = "iPhone Developer";
				INFOPLIST_FILE = "Ultimate Math Game/Info.plist";
				IPHONEOS_DEPLOYMENT_TARGET = 9.3;
				LD_RUNPATH_SEARCH_PATHS = "$(inherited) @executable_path/Frameworks";
				PRODUCT_BUNDLE_IDENTIFIER = "com.RLDT.Ultimate-Math-Game";
				PRODUCT_NAME = "$(TARGET_NAME)";
			};
			name = Debug;
		};
		73C6EC5A1BB49E1C00E7FFEF /* Release */ = {
			isa = XCBuildConfiguration;
			buildSettings = {
				ASSETCATALOG_COMPILER_APPICON_NAME = AppIcon;
				CODE_SIGN_IDENTITY = "iPhone Developer";
				INFOPLIST_FILE = "Ultimate Math Game/Info.plist";
				IPHONEOS_DEPLOYMENT_TARGET = 9.3;
				LD_RUNPATH_SEARCH_PATHS = "$(inherited) @executable_path/Frameworks";
				PRODUCT_BUNDLE_IDENTIFIER = "com.RLDT.Ultimate-Math-Game";
				PRODUCT_NAME = "$(TARGET_NAME)";
			};
			name = Release;
		};
		73C6EC5C1BB49E1C00E7FFEF /* Debug */ = {
			isa = XCBuildConfiguration;
			buildSettings = {
				BUNDLE_LOADER = "$(TEST_HOST)";
				INFOPLIST_FILE = "Ultimate Math GameTests/Info.plist";
				LD_RUNPATH_SEARCH_PATHS = "$(inherited) @executable_path/Frameworks @loader_path/Frameworks";
				PRODUCT_BUNDLE_IDENTIFIER = "com.RLDT.Ultimate-Math-GameTests";
				PRODUCT_NAME = "$(TARGET_NAME)";
				TEST_HOST = "$(BUILT_PRODUCTS_DIR)/Ultimate Math Game.app/Ultimate Math Game";
			};
			name = Debug;
		};
		73C6EC5D1BB49E1C00E7FFEF /* Release */ = {
			isa = XCBuildConfiguration;
			buildSettings = {
				BUNDLE_LOADER = "$(TEST_HOST)";
				INFOPLIST_FILE = "Ultimate Math GameTests/Info.plist";
				LD_RUNPATH_SEARCH_PATHS = "$(inherited) @executable_path/Frameworks @loader_path/Frameworks";
				PRODUCT_BUNDLE_IDENTIFIER = "com.RLDT.Ultimate-Math-GameTests";
				PRODUCT_NAME = "$(TARGET_NAME)";
				TEST_HOST = "$(BUILT_PRODUCTS_DIR)/Ultimate Math Game.app/Ultimate Math Game";
			};
			name = Release;
		};
		73C6EC5F1BB49E1C00E7FFEF /* Debug */ = {
			isa = XCBuildConfiguration;
			buildSettings = {
				INFOPLIST_FILE = "Ultimate Math GameUITests/Info.plist";
				LD_RUNPATH_SEARCH_PATHS = "$(inherited) @executable_path/Frameworks @loader_path/Frameworks";
				PRODUCT_BUNDLE_IDENTIFIER = "com.RLDT.Ultimate-Math-GameUITests";
				PRODUCT_NAME = "$(TARGET_NAME)";
				TEST_TARGET_NAME = "Ultimate Math Game";
				USES_XCTRUNNER = YES;
			};
			name = Debug;
		};
		73C6EC601BB49E1C00E7FFEF /* Release */ = {
			isa = XCBuildConfiguration;
			buildSettings = {
				INFOPLIST_FILE = "Ultimate Math GameUITests/Info.plist";
				LD_RUNPATH_SEARCH_PATHS = "$(inherited) @executable_path/Frameworks @loader_path/Frameworks";
				PRODUCT_BUNDLE_IDENTIFIER = "com.RLDT.Ultimate-Math-GameUITests";
				PRODUCT_NAME = "$(TARGET_NAME)";
				TEST_TARGET_NAME = "Ultimate Math Game";
				USES_XCTRUNNER = YES;
			};
			name = Release;
		};
/* End XCBuildConfiguration section */

/* Begin XCConfigurationList section */
		73C6EC2B1BB49E1C00E7FFEF /* Build configuration list for PBXProject "Ultimate Math Game" */ = {
			isa = XCConfigurationList;
			buildConfigurations = (
				73C6EC561BB49E1C00E7FFEF /* Debug */,
				73C6EC571BB49E1C00E7FFEF /* Release */,
			);
			defaultConfigurationIsVisible = 0;
			defaultConfigurationName = Release;
		};
		73C6EC581BB49E1C00E7FFEF /* Build configuration list for PBXNativeTarget "Ultimate Math Game" */ = {
			isa = XCConfigurationList;
			buildConfigurations = (
				73C6EC591BB49E1C00E7FFEF /* Debug */,
				73C6EC5A1BB49E1C00E7FFEF /* Release */,
			);
			defaultConfigurationIsVisible = 0;
			defaultConfigurationName = Release;
		};
		73C6EC5B1BB49E1C00E7FFEF /* Build configuration list for PBXNativeTarget "Ultimate Math GameTests" */ = {
			isa = XCConfigurationList;
			buildConfigurations = (
				73C6EC5C1BB49E1C00E7FFEF /* Debug */,
				73C6EC5D1BB49E1C00E7FFEF /* Release */,
			);
			defaultConfigurationIsVisible = 0;
			defaultConfigurationName = Release;
		};
		73C6EC5E1BB49E1C00E7FFEF /* Build configuration list for PBXNativeTarget "Ultimate Math GameUITests" */ = {
			isa = XCConfigurationList;
			buildConfigurations = (
				73C6EC5F1BB49E1C00E7FFEF /* Debug */,
				73C6EC601BB49E1C00E7FFEF /* Release */,
			);
			defaultConfigurationIsVisible = 0;
			defaultConfigurationName = Release;
		};
/* End XCConfigurationList section */
	};
	rootObject = 73C6EC281BB49E1C00E7FFEF /* Project object */;
}
